// !$*UTF8*$!
{
	archiveVersion = 1;
	classes = {
	};
	objectVersion = 56;
	objects = {

/* Begin PBXBuildFile section */
		CE01274E2AB8640B00A26C97 /* LoginViewController.swift in Sources */ = {isa = PBXBuildFile; fileRef = CE01274D2AB8640B00A26C97 /* LoginViewController.swift */; };
		CE0127512AB9B73200A26C97 /* SetupProfileViewController.swift in Sources */ = {isa = PBXBuildFile; fileRef = CE0127502AB9B73200A26C97 /* SetupProfileViewController.swift */; };
		CE0127532AB9B7F200A26C97 /* AddPhotoView.swift in Sources */ = {isa = PBXBuildFile; fileRef = CE0127522AB9B7F200A26C97 /* AddPhotoView.swift */; };
		CE2597A12AADF06C0014EF6A /* UILabel + Extension.swift in Sources */ = {isa = PBXBuildFile; fileRef = CE2597A02AADF06C0014EF6A /* UILabel + Extension.swift */; };
		CE2597A42AAE0BC00014EF6A /* SignUpViewController.swift in Sources */ = {isa = PBXBuildFile; fileRef = CE2597A32AAE0BC00014EF6A /* SignUpViewController.swift */; };
		CE2597A62AAE37CB0014EF6A /* UnderlineTextField.swift in Sources */ = {isa = PBXBuildFile; fileRef = CE2597A52AAE37CB0014EF6A /* UnderlineTextField.swift */; };
		CE2597A82AAE56D90014EF6A /* UIStackView + Extension.swift in Sources */ = {isa = PBXBuildFile; fileRef = CE2597A72AAE56D90014EF6A /* UIStackView + Extension.swift */; };
		CE4749362AB216E9003DBA66 /* UIFont + Extension.swift in Sources */ = {isa = PBXBuildFile; fileRef = CE4749352AB216E9003DBA66 /* UIFont + Extension.swift */; };
		CE9FDD802AAA06E1005ACF86 /* ButtonFormView .swift in Sources */ = {isa = PBXBuildFile; fileRef = CE9FDD7F2AAA06E1005ACF86 /* ButtonFormView .swift */; };
		CEAD72D02AC215FB006E8D5A /* TabViewController.swift in Sources */ = {isa = PBXBuildFile; fileRef = CEAD72CF2AC215FB006E8D5A /* TabViewController.swift */; };
		CEAD72D22AC359DA006E8D5A /* ListViewController.swift in Sources */ = {isa = PBXBuildFile; fileRef = CEAD72D12AC359DA006E8D5A /* ListViewController.swift */; };
		CEAD72D62AC46026006E8D5A /* PeopleViewController.swift in Sources */ = {isa = PBXBuildFile; fileRef = CEAD72D52AC46026006E8D5A /* PeopleViewController.swift */; };
		CEF7474B2AA8CB7A00E422E1 /* AppDelegate.swift in Sources */ = {isa = PBXBuildFile; fileRef = CEF7474A2AA8CB7A00E422E1 /* AppDelegate.swift */; };
		CEF7474D2AA8CB7A00E422E1 /* SceneDelegate.swift in Sources */ = {isa = PBXBuildFile; fileRef = CEF7474C2AA8CB7A00E422E1 /* SceneDelegate.swift */; };
		CEF7474F2AA8CB7A00E422E1 /* AuthViewController.swift in Sources */ = {isa = PBXBuildFile; fileRef = CEF7474E2AA8CB7A00E422E1 /* AuthViewController.swift */; };
		CEF747542AA8CB7C00E422E1 /* Assets.xcassets in Resources */ = {isa = PBXBuildFile; fileRef = CEF747532AA8CB7C00E422E1 /* Assets.xcassets */; };
		CEF747572AA8CB7C00E422E1 /* LaunchScreen.storyboard in Resources */ = {isa = PBXBuildFile; fileRef = CEF747552AA8CB7C00E422E1 /* LaunchScreen.storyboard */; };
		CEF747612AA8FC6F00E422E1 /* UIButton + Extension.swift in Sources */ = {isa = PBXBuildFile; fileRef = CEF747602AA8FC6F00E422E1 /* UIButton + Extension.swift */; };
		CEF747642AA9058300E422E1 /* UIColor + Extension.swift in Sources */ = {isa = PBXBuildFile; fileRef = CEF747632AA9058300E422E1 /* UIColor + Extension.swift */; };
/* End PBXBuildFile section */

/* Begin PBXFileReference section */
		CE01274D2AB8640B00A26C97 /* LoginViewController.swift */ = {isa = PBXFileReference; lastKnownFileType = sourcecode.swift; path = LoginViewController.swift; sourceTree = "<group>"; };
		CE0127502AB9B73200A26C97 /* SetupProfileViewController.swift */ = {isa = PBXFileReference; lastKnownFileType = sourcecode.swift; path = SetupProfileViewController.swift; sourceTree = "<group>"; };
		CE0127522AB9B7F200A26C97 /* AddPhotoView.swift */ = {isa = PBXFileReference; lastKnownFileType = sourcecode.swift; path = AddPhotoView.swift; sourceTree = "<group>"; };
		CE2597A02AADF06C0014EF6A /* UILabel + Extension.swift */ = {isa = PBXFileReference; lastKnownFileType = sourcecode.swift; path = "UILabel + Extension.swift"; sourceTree = "<group>"; };
		CE2597A32AAE0BC00014EF6A /* SignUpViewController.swift */ = {isa = PBXFileReference; lastKnownFileType = sourcecode.swift; path = SignUpViewController.swift; sourceTree = "<group>"; };
		CE2597A52AAE37CB0014EF6A /* UnderlineTextField.swift */ = {isa = PBXFileReference; lastKnownFileType = sourcecode.swift; path = UnderlineTextField.swift; sourceTree = "<group>"; };
		CE2597A72AAE56D90014EF6A /* UIStackView + Extension.swift */ = {isa = PBXFileReference; lastKnownFileType = sourcecode.swift; path = "UIStackView + Extension.swift"; sourceTree = "<group>"; };
		CE4749352AB216E9003DBA66 /* UIFont + Extension.swift */ = {isa = PBXFileReference; fileEncoding = 4; lastKnownFileType = sourcecode.swift; path = "UIFont + Extension.swift"; sourceTree = "<group>"; };
		CE9FDD7F2AAA06E1005ACF86 /* ButtonFormView .swift */ = {isa = PBXFileReference; lastKnownFileType = sourcecode.swift; path = "ButtonFormView .swift"; sourceTree = "<group>"; };
		CEAD72CF2AC215FB006E8D5A /* TabViewController.swift */ = {isa = PBXFileReference; lastKnownFileType = sourcecode.swift; path = TabViewController.swift; sourceTree = "<group>"; };
		CEAD72D12AC359DA006E8D5A /* ListViewController.swift */ = {isa = PBXFileReference; lastKnownFileType = sourcecode.swift; path = ListViewController.swift; sourceTree = "<group>"; };
		CEAD72D52AC46026006E8D5A /* PeopleViewController.swift */ = {isa = PBXFileReference; lastKnownFileType = sourcecode.swift; path = PeopleViewController.swift; sourceTree = "<group>"; };
		CEF747472AA8CB7A00E422E1 /* IChat.app */ = {isa = PBXFileReference; explicitFileType = wrapper.application; includeInIndex = 0; path = IChat.app; sourceTree = BUILT_PRODUCTS_DIR; };
		CEF7474A2AA8CB7A00E422E1 /* AppDelegate.swift */ = {isa = PBXFileReference; lastKnownFileType = sourcecode.swift; path = AppDelegate.swift; sourceTree = "<group>"; };
		CEF7474C2AA8CB7A00E422E1 /* SceneDelegate.swift */ = {isa = PBXFileReference; lastKnownFileType = sourcecode.swift; path = SceneDelegate.swift; sourceTree = "<group>"; };
		CEF7474E2AA8CB7A00E422E1 /* AuthViewController.swift */ = {isa = PBXFileReference; lastKnownFileType = sourcecode.swift; path = AuthViewController.swift; sourceTree = "<group>"; };
		CEF747532AA8CB7C00E422E1 /* Assets.xcassets */ = {isa = PBXFileReference; lastKnownFileType = folder.assetcatalog; path = Assets.xcassets; sourceTree = "<group>"; };
		CEF747562AA8CB7C00E422E1 /* Base */ = {isa = PBXFileReference; lastKnownFileType = file.storyboard; name = Base; path = Base.lproj/LaunchScreen.storyboard; sourceTree = "<group>"; };
		CEF747582AA8CB7C00E422E1 /* Info.plist */ = {isa = PBXFileReference; lastKnownFileType = text.plist.xml; path = Info.plist; sourceTree = "<group>"; };
		CEF747602AA8FC6F00E422E1 /* UIButton + Extension.swift */ = {isa = PBXFileReference; lastKnownFileType = sourcecode.swift; path = "UIButton + Extension.swift"; sourceTree = "<group>"; };
		CEF747632AA9058300E422E1 /* UIColor + Extension.swift */ = {isa = PBXFileReference; lastKnownFileType = sourcecode.swift; path = "UIColor + Extension.swift"; sourceTree = "<group>"; };
/* End PBXFileReference section */

/* Begin PBXFrameworksBuildPhase section */
		CEF747442AA8CB7A00E422E1 /* Frameworks */ = {
			isa = PBXFrameworksBuildPhase;
			buildActionMask = 2147483647;
			files = (
			);
			runOnlyForDeploymentPostprocessing = 0;
		};
/* End PBXFrameworksBuildPhase section */

/* Begin PBXGroup section */
		CE01274C2AB863E800A26C97 /* LoginView */ = {
			isa = PBXGroup;
			children = (
				CE01274D2AB8640B00A26C97 /* LoginViewController.swift */,
			);
			path = LoginView;
			sourceTree = "<group>";
		};
		CE01274F2AB9B6E900A26C97 /* SetupProfileView */ = {
			isa = PBXGroup;
			children = (
				CE0127502AB9B73200A26C97 /* SetupProfileViewController.swift */,
			);
			path = SetupProfileView;
			sourceTree = "<group>";
		};
		CE0127542AB9C84C00A26C97 /* UI Extension */ = {
			isa = PBXGroup;
			children = (
				CE4749352AB216E9003DBA66 /* UIFont + Extension.swift */,
				CEF747602AA8FC6F00E422E1 /* UIButton + Extension.swift */,
				CEF747632AA9058300E422E1 /* UIColor + Extension.swift */,
				CE2597A02AADF06C0014EF6A /* UILabel + Extension.swift */,
				CE2597A72AAE56D90014EF6A /* UIStackView + Extension.swift */,
			);
			path = "UI Extension";
			sourceTree = "<group>";
		};
		CE0127562AB9C87D00A26C97 /* Extension */ = {
			isa = PBXGroup;
			children = (
				CE0127522AB9B7F200A26C97 /* AddPhotoView.swift */,
				CE9FDD7F2AAA06E1005ACF86 /* ButtonFormView .swift */,
				CE2597A52AAE37CB0014EF6A /* UnderlineTextField.swift */,
			);
			path = Extension;
			sourceTree = "<group>";
		};
		CE2597A22AAE0B200014EF6A /* SignUpView */ = {
			isa = PBXGroup;
			children = (
				CE2597A32AAE0BC00014EF6A /* SignUpViewController.swift */,
			);
			path = SignUpView;
			sourceTree = "<group>";
		};
		CEF7473E2AA8CB7A00E422E1 = {
			isa = PBXGroup;
			children = (
				CEF747492AA8CB7A00E422E1 /* IChat */,
				CEF747482AA8CB7A00E422E1 /* Products */,
			);
			sourceTree = "<group>";
		};
		CEF747482AA8CB7A00E422E1 /* Products */ = {
			isa = PBXGroup;
			children = (
				CEF747472AA8CB7A00E422E1 /* IChat.app */,
			);
			name = Products;
			sourceTree = "<group>";
		};
		CEF747492AA8CB7A00E422E1 /* IChat */ = {
			isa = PBXGroup;
			children = (
				CEF7474A2AA8CB7A00E422E1 /* AppDelegate.swift */,
				CEF7474C2AA8CB7A00E422E1 /* SceneDelegate.swift */,
				CEAD72CF2AC215FB006E8D5A /* TabViewController.swift */,
				CEAD72D52AC46026006E8D5A /* PeopleViewController.swift */,
				CEAD72D12AC359DA006E8D5A /* ListViewController.swift */,
				CE01274F2AB9B6E900A26C97 /* SetupProfileView */,
				CE01274C2AB863E800A26C97 /* LoginView */,
				CEF7475E2AA8FC0600E422E1 /* AuthenticationView */,
				CE2597A22AAE0B200014EF6A /* SignUpView */,
				CEF7475F2AA8FC2A00E422E1 /* Extension */,
				CEF747532AA8CB7C00E422E1 /* Assets.xcassets */,
				CEF747552AA8CB7C00E422E1 /* LaunchScreen.storyboard */,
				CEF747582AA8CB7C00E422E1 /* Info.plist */,
			);
			path = IChat;
			sourceTree = "<group>";
		};
		CEF7475E2AA8FC0600E422E1 /* AuthenticationView */ = {
			isa = PBXGroup;
			children = (
				CEF7474E2AA8CB7A00E422E1 /* AuthViewController.swift */,
			);
			path = AuthenticationView;
			sourceTree = "<group>";
		};
		CEF7475F2AA8FC2A00E422E1 /* Extension */ = {
			isa = PBXGroup;
			children = (
				CE0127562AB9C87D00A26C97 /* Extension */,
				CE0127542AB9C84C00A26C97 /* UI Extension */,
			);
			path = Extension;
			sourceTree = "<group>";
		};
/* End PBXGroup section */

/* Begin PBXNativeTarget section */
		CEF747462AA8CB7A00E422E1 /* IChat */ = {
			isa = PBXNativeTarget;
			buildConfigurationList = CEF7475B2AA8CB7C00E422E1 /* Build configuration list for PBXNativeTarget "IChat" */;
			buildPhases = (
				CEF747432AA8CB7A00E422E1 /* Sources */,
				CEF747442AA8CB7A00E422E1 /* Frameworks */,
				CEF747452AA8CB7A00E422E1 /* Resources */,
			);
			buildRules = (
			);
			dependencies = (
			);
			name = IChat;
			productName = IChat;
			productReference = CEF747472AA8CB7A00E422E1 /* IChat.app */;
			productType = "com.apple.product-type.application";
		};
/* End PBXNativeTarget section */

/* Begin PBXProject section */
		CEF7473F2AA8CB7A00E422E1 /* Project object */ = {
			isa = PBXProject;
			attributes = {
				BuildIndependentTargetsInParallel = 1;
				LastSwiftUpdateCheck = 1430;
				LastUpgradeCheck = 1430;
				TargetAttributes = {
					CEF747462AA8CB7A00E422E1 = {
						CreatedOnToolsVersion = 14.3.1;
					};
				};
			};
			buildConfigurationList = CEF747422AA8CB7A00E422E1 /* Build configuration list for PBXProject "IChat" */;
			compatibilityVersion = "Xcode 14.0";
			developmentRegion = en;
			hasScannedForEncodings = 0;
			knownRegions = (
				en,
				Base,
			);
			mainGroup = CEF7473E2AA8CB7A00E422E1;
			productRefGroup = CEF747482AA8CB7A00E422E1 /* Products */;
			projectDirPath = "";
			projectRoot = "";
			targets = (
				CEF747462AA8CB7A00E422E1 /* IChat */,
			);
		};
/* End PBXProject section */

/* Begin PBXResourcesBuildPhase section */
		CEF747452AA8CB7A00E422E1 /* Resources */ = {
			isa = PBXResourcesBuildPhase;
			buildActionMask = 2147483647;
			files = (
				CEF747572AA8CB7C00E422E1 /* LaunchScreen.storyboard in Resources */,
				CEF747542AA8CB7C00E422E1 /* Assets.xcassets in Resources */,
			);
			runOnlyForDeploymentPostprocessing = 0;
		};
/* End PBXResourcesBuildPhase section */

/* Begin PBXSourcesBuildPhase section */
		CEF747432AA8CB7A00E422E1 /* Sources */ = {
			isa = PBXSourcesBuildPhase;
			buildActionMask = 2147483647;
			files = (
				CE01274E2AB8640B00A26C97 /* LoginViewController.swift in Sources */,
				CE4749362AB216E9003DBA66 /* UIFont + Extension.swift in Sources */,
				CEF7474F2AA8CB7A00E422E1 /* AuthViewController.swift in Sources */,
				CEAD72D02AC215FB006E8D5A /* TabViewController.swift in Sources */,
				CE9FDD802AAA06E1005ACF86 /* ButtonFormView .swift in Sources */,
				CE2597A42AAE0BC00014EF6A /* SignUpViewController.swift in Sources */,
				CE2597A82AAE56D90014EF6A /* UIStackView + Extension.swift in Sources */,
				CEF747612AA8FC6F00E422E1 /* UIButton + Extension.swift in Sources */,
				CE2597A12AADF06C0014EF6A /* UILabel + Extension.swift in Sources */,
				CE0127512AB9B73200A26C97 /* SetupProfileViewController.swift in Sources */,
				CEAD72D62AC46026006E8D5A /* PeopleViewController.swift in Sources */,
				CE0127532AB9B7F200A26C97 /* AddPhotoView.swift in Sources */,
				CE2597A62AAE37CB0014EF6A /* UnderlineTextField.swift in Sources */,
				CEF7474B2AA8CB7A00E422E1 /* AppDelegate.swift in Sources */,
				CEF7474D2AA8CB7A00E422E1 /* SceneDelegate.swift in Sources */,
				CEAD72D22AC359DA006E8D5A /* ListViewController.swift in Sources */,
				CEF747642AA9058300E422E1 /* UIColor + Extension.swift in Sources */,
			);
			runOnlyForDeploymentPostprocessing = 0;
		};
/* End PBXSourcesBuildPhase section */

/* Begin PBXVariantGroup section */
		CEF747552AA8CB7C00E422E1 /* LaunchScreen.storyboard */ = {
			isa = PBXVariantGroup;
			children = (
				CEF747562AA8CB7C00E422E1 /* Base */,
			);
			name = LaunchScreen.storyboard;
			sourceTree = "<group>";
		};
/* End PBXVariantGroup section */

/* Begin XCBuildConfiguration section */
		CEF747592AA8CB7C00E422E1 /* Debug */ = {
			isa = XCBuildConfiguration;
			buildSettings = {
				ALWAYS_SEARCH_USER_PATHS = NO;
				CLANG_ANALYZER_NONNULL = YES;
				CLANG_ANALYZER_NUMBER_OBJECT_CONVERSION = YES_AGGRESSIVE;
				CLANG_CXX_LANGUAGE_STANDARD = "gnu++20";
				CLANG_ENABLE_MODULES = YES;
				CLANG_ENABLE_OBJC_ARC = YES;
				CLANG_ENABLE_OBJC_WEAK = YES;
				CLANG_WARN_BLOCK_CAPTURE_AUTORELEASING = YES;
				CLANG_WARN_BOOL_CONVERSION = YES;
				CLANG_WARN_COMMA = YES;
				CLANG_WARN_CONSTANT_CONVERSION = YES;
				CLANG_WARN_DEPRECATED_OBJC_IMPLEMENTATIONS = YES;
				CLANG_WARN_DIRECT_OBJC_ISA_USAGE = YES_ERROR;
				CLANG_WARN_DOCUMENTATION_COMMENTS = YES;
				CLANG_WARN_EMPTY_BODY = YES;
				CLANG_WARN_ENUM_CONVERSION = YES;
				CLANG_WARN_INFINITE_RECURSION = YES;
				CLANG_WARN_INT_CONVERSION = YES;
				CLANG_WARN_NON_LITERAL_NULL_CONVERSION = YES;
				CLANG_WARN_OBJC_IMPLICIT_RETAIN_SELF = YES;
				CLANG_WARN_OBJC_LITERAL_CONVERSION = YES;
				CLANG_WARN_OBJC_ROOT_CLASS = YES_ERROR;
				CLANG_WARN_QUOTED_INCLUDE_IN_FRAMEWORK_HEADER = YES;
				CLANG_WARN_RANGE_LOOP_ANALYSIS = YES;
				CLANG_WARN_STRICT_PROTOTYPES = YES;
				CLANG_WARN_SUSPICIOUS_MOVE = YES;
				CLANG_WARN_UNGUARDED_AVAILABILITY = YES_AGGRESSIVE;
				CLANG_WARN_UNREACHABLE_CODE = YES;
				CLANG_WARN__DUPLICATE_METHOD_MATCH = YES;
				COPY_PHASE_STRIP = NO;
				DEBUG_INFORMATION_FORMAT = dwarf;
				ENABLE_STRICT_OBJC_MSGSEND = YES;
				ENABLE_TESTABILITY = YES;
				GCC_C_LANGUAGE_STANDARD = gnu11;
				GCC_DYNAMIC_NO_PIC = NO;
				GCC_NO_COMMON_BLOCKS = YES;
				GCC_OPTIMIZATION_LEVEL = 0;
				GCC_PREPROCESSOR_DEFINITIONS = (
					"DEBUG=1",
					"$(inherited)",
				);
				GCC_WARN_64_TO_32_BIT_CONVERSION = YES;
				GCC_WARN_ABOUT_RETURN_TYPE = YES_ERROR;
				GCC_WARN_UNDECLARED_SELECTOR = YES;
				GCC_WARN_UNINITIALIZED_AUTOS = YES_AGGRESSIVE;
				GCC_WARN_UNUSED_FUNCTION = YES;
				GCC_WARN_UNUSED_VARIABLE = YES;
				IPHONEOS_DEPLOYMENT_TARGET = 16.4;
				MTL_ENABLE_DEBUG_INFO = INCLUDE_SOURCE;
				MTL_FAST_MATH = YES;
				ONLY_ACTIVE_ARCH = YES;
				SDKROOT = iphoneos;
				SWIFT_ACTIVE_COMPILATION_CONDITIONS = DEBUG;
				SWIFT_OPTIMIZATION_LEVEL = "-Onone";
			};
			name = Debug;
		};
		CEF7475A2AA8CB7C00E422E1 /* Release */ = {
			isa = XCBuildConfiguration;
			buildSettings = {
				ALWAYS_SEARCH_USER_PATHS = NO;
				CLANG_ANALYZER_NONNULL = YES;
				CLANG_ANALYZER_NUMBER_OBJECT_CONVERSION = YES_AGGRESSIVE;
				CLANG_CXX_LANGUAGE_STANDARD = "gnu++20";
				CLANG_ENABLE_MODULES = YES;
				CLANG_ENABLE_OBJC_ARC = YES;
				CLANG_ENABLE_OBJC_WEAK = YES;
				CLANG_WARN_BLOCK_CAPTURE_AUTORELEASING = YES;
				CLANG_WARN_BOOL_CONVERSION = YES;
				CLANG_WARN_COMMA = YES;
				CLANG_WARN_CONSTANT_CONVERSION = YES;
				CLANG_WARN_DEPRECATED_OBJC_IMPLEMENTATIONS = YES;
				CLANG_WARN_DIRECT_OBJC_ISA_USAGE = YES_ERROR;
				CLANG_WARN_DOCUMENTATION_COMMENTS = YES;
				CLANG_WARN_EMPTY_BODY = YES;
				CLANG_WARN_ENUM_CONVERSION = YES;
				CLANG_WARN_INFINITE_RECURSION = YES;
				CLANG_WARN_INT_CONVERSION = YES;
				CLANG_WARN_NON_LITERAL_NULL_CONVERSION = YES;
				CLANG_WARN_OBJC_IMPLICIT_RETAIN_SELF = YES;
				CLANG_WARN_OBJC_LITERAL_CONVERSION = YES;
				CLANG_WARN_OBJC_ROOT_CLASS = YES_ERROR;
				CLANG_WARN_QUOTED_INCLUDE_IN_FRAMEWORK_HEADER = YES;
				CLANG_WARN_RANGE_LOOP_ANALYSIS = YES;
				CLANG_WARN_STRICT_PROTOTYPES = YES;
				CLANG_WARN_SUSPICIOUS_MOVE = YES;
				CLANG_WARN_UNGUARDED_AVAILABILITY = YES_AGGRESSIVE;
				CLANG_WARN_UNREACHABLE_CODE = YES;
				CLANG_WARN__DUPLICATE_METHOD_MATCH = YES;
				COPY_PHASE_STRIP = NO;
				DEBUG_INFORMATION_FORMAT = "dwarf-with-dsym";
				ENABLE_NS_ASSERTIONS = NO;
				ENABLE_STRICT_OBJC_MSGSEND = YES;
				GCC_C_LANGUAGE_STANDARD = gnu11;
				GCC_NO_COMMON_BLOCKS = YES;
				GCC_WARN_64_TO_32_BIT_CONVERSION = YES;
				GCC_WARN_ABOUT_RETURN_TYPE = YES_ERROR;
				GCC_WARN_UNDECLARED_SELECTOR = YES;
				GCC_WARN_UNINITIALIZED_AUTOS = YES_AGGRESSIVE;
				GCC_WARN_UNUSED_FUNCTION = YES;
				GCC_WARN_UNUSED_VARIABLE = YES;
				IPHONEOS_DEPLOYMENT_TARGET = 16.4;
				MTL_ENABLE_DEBUG_INFO = NO;
				MTL_FAST_MATH = YES;
				SDKROOT = iphoneos;
				SWIFT_COMPILATION_MODE = wholemodule;
				SWIFT_OPTIMIZATION_LEVEL = "-O";
				VALIDATE_PRODUCT = YES;
			};
			name = Release;
		};
		CEF7475C2AA8CB7C00E422E1 /* Debug */ = {
			isa = XCBuildConfiguration;
			buildSettings = {
				ASSETCATALOG_COMPILER_APPICON_NAME = AppIcon;
				ASSETCATALOG_COMPILER_GLOBAL_ACCENT_COLOR_NAME = AccentColor;
				CODE_SIGN_STYLE = Automatic;
				CURRENT_PROJECT_VERSION = 1;
				DEVELOPMENT_TEAM = G3W3N545T3;
				GENERATE_INFOPLIST_FILE = YES;
				INFOPLIST_FILE = IChat/Info.plist;
				INFOPLIST_KEY_UIApplicationSupportsIndirectInputEvents = YES;
				INFOPLIST_KEY_UILaunchStoryboardName = LaunchScreen;
				INFOPLIST_KEY_UISupportedInterfaceOrientations = UIInterfaceOrientationPortrait;
				INFOPLIST_KEY_UISupportedInterfaceOrientations_iPad = "UIInterfaceOrientationLandscapeLeft UIInterfaceOrientationLandscapeRight UIInterfaceOrientationPortrait UIInterfaceOrientationPortraitUpsideDown";
				LD_RUNPATH_SEARCH_PATHS = (
					"$(inherited)",
					"@executable_path/Frameworks",
				);
				MARKETING_VERSION = 1.0;
				PRODUCT_BUNDLE_IDENTIFIER = somecompany.ru.IChat;
				PRODUCT_NAME = "$(TARGET_NAME)";
				SWIFT_EMIT_LOC_STRINGS = YES;
				SWIFT_VERSION = 5.0;
				TARGETED_DEVICE_FAMILY = "1,2";
			};
			name = Debug;
		};
		CEF7475D2AA8CB7C00E422E1 /* Release */ = {
			isa = XCBuildConfiguration;
			buildSettings = {
				ASSETCATALOG_COMPILER_APPICON_NAME = AppIcon;
				ASSETCATALOG_COMPILER_GLOBAL_ACCENT_COLOR_NAME = AccentColor;
				CODE_SIGN_STYLE = Automatic;
				CURRENT_PROJECT_VERSION = 1;
				DEVELOPMENT_TEAM = G3W3N545T3;
				GENERATE_INFOPLIST_FILE = YES;
				INFOPLIST_FILE = IChat/Info.plist;
				INFOPLIST_KEY_UIApplicationSupportsIndirectInputEvents = YES;
				INFOPLIST_KEY_UILaunchStoryboardName = LaunchScreen;
				INFOPLIST_KEY_UISupportedInterfaceOrientations = UIInterfaceOrientationPortrait;
				INFOPLIST_KEY_UISupportedInterfaceOrientations_iPad = "UIInterfaceOrientationLandscapeLeft UIInterfaceOrientationLandscapeRight UIInterfaceOrientationPortrait UIInterfaceOrientationPortraitUpsideDown";
				LD_RUNPATH_SEARCH_PATHS = (
					"$(inherited)",
					"@executable_path/Frameworks",
				);
				MARKETING_VERSION = 1.0;
				PRODUCT_BUNDLE_IDENTIFIER = somecompany.ru.IChat;
				PRODUCT_NAME = "$(TARGET_NAME)";
				SWIFT_EMIT_LOC_STRINGS = YES;
				SWIFT_VERSION = 5.0;
				TARGETED_DEVICE_FAMILY = "1,2";
			};
			name = Release;
		};
/* End XCBuildConfiguration section */

/* Begin XCConfigurationList section */
		CEF747422AA8CB7A00E422E1 /* Build configuration list for PBXProject "IChat" */ = {
			isa = XCConfigurationList;
			buildConfigurations = (
				CEF747592AA8CB7C00E422E1 /* Debug */,
				CEF7475A2AA8CB7C00E422E1 /* Release */,
			);
			defaultConfigurationIsVisible = 0;
			defaultConfigurationName = Release;
		};
		CEF7475B2AA8CB7C00E422E1 /* Build configuration list for PBXNativeTarget "IChat" */ = {
			isa = XCConfigurationList;
			buildConfigurations = (
				CEF7475C2AA8CB7C00E422E1 /* Debug */,
				CEF7475D2AA8CB7C00E422E1 /* Release */,
			);
			defaultConfigurationIsVisible = 0;
			defaultConfigurationName = Release;
		};
/* End XCConfigurationList section */
	};
	rootObject = CEF7473F2AA8CB7A00E422E1 /* Project object */;
}
